
Microsoft Visual Studio Solution File, Format Version 12.00
# Visual Studio 15
VisualStudioVersion = 15.0.26730.12
MinimumVisualStudioVersion = 10.0.40219.1
Project("{FAE04EC0-301F-11D3-BF4B-00C04F79EFBC}") = "AutoVolumizer", "AutoVolumizer\AutoVolumizer.csproj", "{DBBFA001-6614-44BD-B721-91E58A654FF4}"
EndProject
Project("{FAE04EC0-301F-11D3-BF4B-00C04F79EFBC}") = "Logic", "Logic\Logic.csproj", "{A540C374-AB9E-447E-B4BC-F0A413ACC9A7}"
EndProject
Global
	GlobalSection(SolutionConfigurationPlatforms) = preSolution
		Debug|Any CPU = Debug|Any CPU
		Release|Any CPU = Release|Any CPU
	EndGlobalSection
	GlobalSection(ProjectConfigurationPlatforms) = postSolution
		{DBBFA001-6614-44BD-B721-91E58A654FF4}.Debug|Any CPU.ActiveCfg = Debug|Any CPU
		{DBBFA001-6614-44BD-B721-91E58A654FF4}.Debug|Any CPU.Build.0 = Debug|Any CPU
		{DBBFA001-6614-44BD-B721-91E58A654FF4}.Release|Any CPU.ActiveCfg = Release|Any CPU
		{DBBFA001-6614-44BD-B721-91E58A654FF4}.Release|Any CPU.Build.0 = Release|Any CPU
		{A540C374-AB9E-447E-B4BC-F0A413ACC9A7}.Debug|Any CPU.ActiveCfg = Debug|Any CPU
		{A540C374-AB9E-447E-B4BC-F0A413ACC9A7}.Debug|Any CPU.Build.0 = Debug|Any CPU
		{A540C374-AB9E-447E-B4BC-F0A413ACC9A7}.Release|Any CPU.ActiveCfg = Release|Any CPU
		{A540C374-AB9E-447E-B4BC-F0A413ACC9A7}.Release|Any CPU.Build.0 = Release|Any CPU
	EndGlobalSection
	GlobalSection(SolutionProperties) = preSolution
		HideSolutionNode = FALSE
	EndGlobalSection
	GlobalSection(ExtensibilityGlobals) = postSolution
		SolutionGuid = {7965B15E-B1CB-4A4A-8F46-246781ADB9E9}
	EndGlobalSection
EndGlobal
